
Microsoft Visual Studio Solution File, Format Version 12.00
# Visual Studio Version 17
VisualStudioVersion = 17.2.32516.85
MinimumVisualStudioVersion = 10.0.40219.1
Project("{FAE04EC0-301F-11D3-BF4B-00C04F79EFBC}") = "TareaClase9", "TareaClase9\TareaClase9.csproj", "{5BB1FDD6-EDAD-4D27-9130-74AFEB2F4295}"
EndProject
Global
	GlobalSection(SolutionConfigurationPlatforms) = preSolution
		Debug|Any CPU = Debug|Any CPU
		Release|Any CPU = Release|Any CPU
	EndGlobalSection
	GlobalSection(ProjectConfigurationPlatforms) = postSolution
		{5BB1FDD6-EDAD-4D27-9130-74AFEB2F4295}.Debug|Any CPU.ActiveCfg = Debug|Any CPU
		{5BB1FDD6-EDAD-4D27-9130-74AFEB2F4295}.Debug|Any CPU.Build.0 = Debug|Any CPU
		{5BB1FDD6-EDAD-4D27-9130-74AFEB2F4295}.Release|Any CPU.ActiveCfg = Release|Any CPU
		{5BB1FDD6-EDAD-4D27-9130-74AFEB2F4295}.Release|Any CPU.Build.0 = Release|Any CPU
	EndGlobalSection
	GlobalSection(SolutionProperties) = preSolution
		HideSolutionNode = FALSE
	EndGlobalSection
	GlobalSection(ExtensibilityGlobals) = postSolution
		SolutionGuid = {4D20542C-C154-45D5-8360-C7016E7A2C20}
	EndGlobalSection
EndGlobal
