
Microsoft Visual Studio Solution File, Format Version 12.00
# Visual Studio Version 17
VisualStudioVersion = 17.2.32516.85
MinimumVisualStudioVersion = 10.0.40219.1
Project("{FAE04EC0-301F-11D3-BF4B-00C04F79EFBC}") = "TareaClase8", "TareaClase8\TareaClase8.csproj", "{100DA8C2-3E6D-4351-978B-904ED474D588}"
EndProject
Global
	GlobalSection(SolutionConfigurationPlatforms) = preSolution
		Debug|Any CPU = Debug|Any CPU
		Release|Any CPU = Release|Any CPU
	EndGlobalSection
	GlobalSection(ProjectConfigurationPlatforms) = postSolution
		{100DA8C2-3E6D-4351-978B-904ED474D588}.Debug|Any CPU.ActiveCfg = Debug|Any CPU
		{100DA8C2-3E6D-4351-978B-904ED474D588}.Debug|Any CPU.Build.0 = Debug|Any CPU
		{100DA8C2-3E6D-4351-978B-904ED474D588}.Release|Any CPU.ActiveCfg = Release|Any CPU
		{100DA8C2-3E6D-4351-978B-904ED474D588}.Release|Any CPU.Build.0 = Release|Any CPU
	EndGlobalSection
	GlobalSection(SolutionProperties) = preSolution
		HideSolutionNode = FALSE
	EndGlobalSection
	GlobalSection(ExtensibilityGlobals) = postSolution
		SolutionGuid = {5ED5A1AC-7BEF-4D79-8C3A-4575FB0310CF}
	EndGlobalSection
EndGlobal
