
Microsoft Visual Studio Solution File, Format Version 12.00
# Visual Studio Version 17
VisualStudioVersion = 17.2.32516.85
MinimumVisualStudioVersion = 10.0.40219.1
Project("{FAE04EC0-301F-11D3-BF4B-00C04F79EFBC}") = "TareaClase6", "TareaClase6\TareaClase6.csproj", "{B628CC53-9C8D-40E0-8C6C-96E3AA5F897D}"
EndProject
Global
	GlobalSection(SolutionConfigurationPlatforms) = preSolution
		Debug|Any CPU = Debug|Any CPU
		Release|Any CPU = Release|Any CPU
	EndGlobalSection
	GlobalSection(ProjectConfigurationPlatforms) = postSolution
		{B628CC53-9C8D-40E0-8C6C-96E3AA5F897D}.Debug|Any CPU.ActiveCfg = Debug|Any CPU
		{B628CC53-9C8D-40E0-8C6C-96E3AA5F897D}.Debug|Any CPU.Build.0 = Debug|Any CPU
		{B628CC53-9C8D-40E0-8C6C-96E3AA5F897D}.Release|Any CPU.ActiveCfg = Release|Any CPU
		{B628CC53-9C8D-40E0-8C6C-96E3AA5F897D}.Release|Any CPU.Build.0 = Release|Any CPU
	EndGlobalSection
	GlobalSection(SolutionProperties) = preSolution
		HideSolutionNode = FALSE
	EndGlobalSection
	GlobalSection(ExtensibilityGlobals) = postSolution
		SolutionGuid = {F231060D-A6C3-4029-B2BE-4F43877428A7}
	EndGlobalSection
EndGlobal
